<?xml version="1.0" encoding="utf-8"?>
<Project ToolsVersion="4.0" xmlns="http://schemas.microsoft.com/developer/msbuild/2003">
  <ItemGroup>
    <Filter Include="Source Files">
      <UniqueIdentifier>{4FC737F1-C7A5-4376-A066-2A32D752A2FF}</UniqueIdentifier>
      <Extensions>cpp;c;cc;cxx;def;odl;idl;hpj;bat;asm;asmx</Extensions>
    </Filter>
    <Filter Include="Header Files">
      <UniqueIdentifier>{93995380-89BD-4b04-88EB-625FBE52EBFB}</UniqueIdentifier>
      <Extensions>h;hh;hpp;hxx;hm;inl;inc;xsd</Extensions>
    </Filter>
    <Filter Include="Header Files\Sprites">
      <UniqueIdentifier>{9123e4a6-b364-4567-a66b-7fe865376bf2}</UniqueIdentifier>
    </Filter>
    <Filter Include="Header Files\States">
      <UniqueIdentifier>{4e8deb16-e7c5-487a-9c84-3af23acbb9d7}</UniqueIdentifier>
    </Filter>
    <Filter Include="Source Files\Sprites">
      <UniqueIdentifier>{31ddb2b6-aa80-4d79-a0e7-a14c84c85d3f}</UniqueIdentifier>
    </Filter>
    <Filter Include="Source Files\States">
      <UniqueIdentifier>{6df65f25-d223-4c3c-af48-591215319d31}</UniqueIdentifier>
    </Filter>
  </ItemGroup>
  <ItemGroup>
    <ClCompile Include="src\BitBit3.c">
      <Filter>Source Files</Filter>
    </ClCompile>
    <ClCompile Include="src\SpriteAxe.c">
      <Filter>Source Files\Sprites</Filter>
    </ClCompile>
    <ClCompile Include="src\SpriteAznar.c">
      <Filter>Source Files\Sprites</Filter>
    </ClCompile>
    <ClCompile Include="src\SpriteFlag.c">
      <Filter>Source Files\Sprites</Filter>
    </ClCompile>
    <ClCompile Include="src\SpriteParticle.c">
      <Filter>Source Files\Sprites</Filter>
    </ClCompile>
    <ClCompile Include="src\SpritePrincess.c">
      <Filter>Source Files\Sprites</Filter>
    </ClCompile>
    <ClCompile Include="src\SpriteZurrapa.c">
      <Filter>Source Files\Sprites</Filter>
    </ClCompile>
    <ClCompile Include="src\StateDisclaimer.c">
      <Filter>Source Files\States</Filter>
    </ClCompile>
    <ClCompile Include="src\StateGame.c">
      <Filter>Source Files\States</Filter>
    </ClCompile>
    <ClCompile Include="src\StateGameOver.c">
      <Filter>Source Files\States</Filter>
    </ClCompile>
    <ClCompile Include="src\StateMenu.c">
      <Filter>Source Files\States</Filter>
    </ClCompile>
    <ClCompile Include="src\StateTests.c">
      <Filter>Source Files\States</Filter>
    </ClCompile>
    <ClCompile Include="src\StateWin.c">
      <Filter>Source Files\States</Filter>
    </ClCompile>
  </ItemGroup>
  <ItemGroup>
    <None Include="src\Makefile" />
  </ItemGroup>
  <ItemGroup>
    <ClInclude Include="include\BitBit3.h">
      <Filter>Header Files</Filter>
    </ClInclude>
    <ClInclude Include="include\SpriteAxe.h">
      <Filter>Header Files\Sprites</Filter>
    </ClInclude>
    <ClInclude Include="include\SpriteAznar.h">
      <Filter>Header Files\Sprites</Filter>
    </ClInclude>
    <ClInclude Include="include\SpriteFlag.h">
      <Filter>Header Files\Sprites</Filter>
    </ClInclude>
    <ClInclude Include="include\SpriteParticle.h">
      <Filter>Header Files\Sprites</Filter>
    </ClInclude>
    <ClInclude Include="include\SpritePrincess.h">
      <Filter>Header Files\Sprites</Filter>
    </ClInclude>
    <ClInclude Include="include\SpriteZurrapa.h">
      <Filter>Header Files\Sprites</Filter>
    </ClInclude>
    <ClInclude Include="include\StateDisclaimer.h">
      <Filter>Header Files\States</Filter>
    </ClInclude>
    <ClInclude Include="include\StateGame.h">
      <Filter>Header Files\States</Filter>
    </ClInclude>
    <ClInclude Include="include\StateGameOver.h">
      <Filter>Header Files\States</Filter>
    </ClInclude>
    <ClInclude Include="include\StateMenu.h">
      <Filter>Header Files\States</Filter>
    </ClInclude>
    <ClInclude Include="include\StateTests.h">
      <Filter>Header Files\States</Filter>
    </ClInclude>
    <ClInclude Include="include\StateWin.h">
      <Filter>Header Files\States</Filter>
    </ClInclude>
  </ItemGroup>
</Project>