<?xml version="1.0" encoding="utf-8"?>
<Project ToolsVersion="4.0" xmlns="http://schemas.microsoft.com/developer/msbuild/2003">
  <ItemGroup>
    <Filter Include="Source Files">
      <UniqueIdentifier>{4FC737F1-C7A5-4376-A066-2A32D752A2FF}</UniqueIdentifier>
      <Extensions>cpp;c;cc;cxx;def;odl;idl;hpj;bat;asm;asmx</Extensions>
    </Filter>
    <Filter Include="Header Files">
      <UniqueIdentifier>{93995380-89BD-4b04-88EB-625FBE52EBFB}</UniqueIdentifier>
      <Extensions>h;hh;hpp;hxx;hm;inl;inc;xsd</Extensions>
    </Filter>
    <Filter Include="Source Files\resources">
      <UniqueIdentifier>{c4d70f5c-5f6e-41ef-89f4-e51a7e355896}</UniqueIdentifier>
    </Filter>
  </ItemGroup>
  <ItemGroup>
    <ClCompile Include="src\main.c">
      <Filter>Source Files</Filter>
    </ClCompile>
    <ClCompile Include="src\map.b2.c">
      <Filter>Source Files\resources</Filter>
    </ClCompile>
    <ClCompile Include="src\princess.b2.c">
      <Filter>Source Files\resources</Filter>
    </ClCompile>
    <ClCompile Include="src\tilemap.b2.c">
      <Filter>Source Files\resources</Filter>
    </ClCompile>
    <ClCompile Include="src\StateGame.c">
      <Filter>Source Files</Filter>
    </ClCompile>
    <ClCompile Include="src\StateMenu.c">
      <Filter>Source Files</Filter>
    </ClCompile>
    <ClCompile Include="src\StateTests.c">
      <Filter>Source Files</Filter>
    </ClCompile>
    <ClCompile Include="src\StateDisclaimer.c">
      <Filter>Source Files</Filter>
    </ClCompile>
    <ClCompile Include="src\splashtiles.b2.c">
      <Filter>Source Files\resources</Filter>
    </ClCompile>
    <ClCompile Include="src\zurrapa.c">
      <Filter>Source Files\resources</Filter>
    </ClCompile>
    <ClCompile Include="src\aznar.b2.c">
      <Filter>Source Files\resources</Filter>
    </ClCompile>
    <ClCompile Include="src\gameovermap.b2.c">
      <Filter>Source Files\resources</Filter>
    </ClCompile>
    <ClCompile Include="src\gameovertiles.b2.c">
      <Filter>Source Files\resources</Filter>
    </ClCompile>
    <ClCompile Include="src\splash.b2.c">
      <Filter>Source Files\resources</Filter>
    </ClCompile>
    <ClCompile Include="src\StateGameOver.c">
      <Filter>Source Files</Filter>
    </ClCompile>
    <ClCompile Include="src\StateWin.c">
      <Filter>Source Files</Filter>
    </ClCompile>
    <ClCompile Include="src\level.mod.c">
      <Filter>Source Files\resources</Filter>
    </ClCompile>
    <ClCompile Include="src\start.mod.c">
      <Filter>Source Files\resources</Filter>
    </ClCompile>
    <ClCompile Include="src\gameover.mod.c">
      <Filter>Source Files\resources</Filter>
    </ClCompile>
  </ItemGroup>
  <ItemGroup>
    <None Include="src\Makefile" />
  </ItemGroup>
  <ItemGroup>
    <ClInclude Include="src\map.h">
      <Filter>Source Files\resources</Filter>
    </ClInclude>
    <ClInclude Include="src\princess.h">
      <Filter>Source Files\resources</Filter>
    </ClInclude>
    <ClInclude Include="src\tilemap.h">
      <Filter>Source Files\resources</Filter>
    </ClInclude>
    <ClInclude Include="include\StateGame.h">
      <Filter>Header Files</Filter>
    </ClInclude>
    <ClInclude Include="include\main.h">
      <Filter>Header Files</Filter>
    </ClInclude>
    <ClInclude Include="include\StateMenu.h">
      <Filter>Header Files</Filter>
    </ClInclude>
    <ClInclude Include="include\StateTests.h">
      <Filter>Header Files</Filter>
    </ClInclude>
    <ClInclude Include="include\StateDisclaimer.h">
      <Filter>Header Files</Filter>
    </ClInclude>
    <ClInclude Include="src\splashtiles.h">
      <Filter>Source Files\resources</Filter>
    </ClInclude>
    <ClInclude Include="src\zurrapa.h">
      <Filter>Source Files\resources</Filter>
    </ClInclude>
    <ClInclude Include="src\aznar.h">
      <Filter>Source Files\resources</Filter>
    </ClInclude>
    <ClInclude Include="src\gameovermap.h">
      <Filter>Source Files\resources</Filter>
    </ClInclude>
    <ClInclude Include="src\gameovertiles.h">
      <Filter>Source Files\resources</Filter>
    </ClInclude>
    <ClInclude Include="src\splash.h">
      <Filter>Source Files\resources</Filter>
    </ClInclude>
    <ClInclude Include="include\StateGameOver.h">
      <Filter>Header Files</Filter>
    </ClInclude>
    <ClInclude Include="include\StateWin.h">
      <Filter>Header Files</Filter>
    </ClInclude>
  </ItemGroup>
</Project>