<?xml version="1.0" encoding="utf-8"?>
<Project ToolsVersion="4.0" xmlns="http://schemas.microsoft.com/developer/msbuild/2003">
  <ItemGroup>
    <Filter Include="Source Files">
      <UniqueIdentifier>{4FC737F1-C7A5-4376-A066-2A32D752A2FF}</UniqueIdentifier>
      <Extensions>cpp;c;cc;cxx;def;odl;idl;hpj;bat;asm;asmx</Extensions>
    </Filter>
    <Filter Include="Header Files">
      <UniqueIdentifier>{93995380-89BD-4b04-88EB-625FBE52EBFB}</UniqueIdentifier>
      <Extensions>h;hh;hpp;hxx;hm;inl;inc;xsd</Extensions>
    </Filter>
  </ItemGroup>
  <ItemGroup>
    <ClInclude Include="include\Frame.h">
      <Filter>Header Files</Filter>
    </ClInclude>
    <ClInclude Include="include\OAMManager.h">
      <Filter>Header Files</Filter>
    </ClInclude>
    <ClInclude Include="include\Sprite.h">
      <Filter>Header Files</Filter>
    </ClInclude>
    <ClInclude Include="include\Keys.h">
      <Filter>Header Files</Filter>
    </ClInclude>
    <ClInclude Include="include\Scroll.h">
      <Filter>Header Files</Filter>
    </ClInclude>
    <ClInclude Include="include\Vector.h">
      <Filter>Header Files</Filter>
    </ClInclude>
    <ClInclude Include="include\Stack.h">
      <Filter>Header Files</Filter>
    </ClInclude>
    <ClInclude Include="include\BankManager.h">
      <Filter>Header Files</Filter>
    </ClInclude>
    <ClInclude Include="include\SpriteManager.h">
      <Filter>Header Files</Filter>
    </ClInclude>
    <ClInclude Include="include\main.h">
      <Filter>Header Files</Filter>
    </ClInclude>
    <ClInclude Include="include\Print.h">
      <Filter>Header Files</Filter>
    </ClInclude>
    <ClInclude Include="include\Math.h">
      <Filter>Header Files</Filter>
    </ClInclude>
    <ClInclude Include="include\Sound.h">
      <Filter>Header Files</Filter>
    </ClInclude>
    <ClInclude Include="include\Palette.h">
      <Filter>Header Files</Filter>
    </ClInclude>
    <ClInclude Include="include\Fade.h">
      <Filter>Header Files</Filter>
    </ClInclude>
    <ClInclude Include="include\gbt_player.h">
      <Filter>Header Files</Filter>
    </ClInclude>
    <ClInclude Include="include\ZGBMain_Init.h">
      <Filter>Header Files</Filter>
    </ClInclude>
  </ItemGroup>
  <ItemGroup>
    <ClCompile Include="src\Frame.c">
      <Filter>Source Files</Filter>
    </ClCompile>
    <ClCompile Include="src\OAMManager.c">
      <Filter>Source Files</Filter>
    </ClCompile>
    <ClCompile Include="src\Sprite.c">
      <Filter>Source Files</Filter>
    </ClCompile>
    <ClCompile Include="src\Keys.c">
      <Filter>Source Files</Filter>
    </ClCompile>
    <ClCompile Include="src\Scroll.c">
      <Filter>Source Files</Filter>
    </ClCompile>
    <ClCompile Include="src\Vector.c">
      <Filter>Source Files</Filter>
    </ClCompile>
    <ClCompile Include="src\Stack.c">
      <Filter>Source Files</Filter>
    </ClCompile>
    <ClCompile Include="src\BankManager.c">
      <Filter>Source Files</Filter>
    </ClCompile>
    <ClCompile Include="src\SpriteManager.c">
      <Filter>Source Files</Filter>
    </ClCompile>
    <ClCompile Include="src\main.c">
      <Filter>Source Files</Filter>
    </ClCompile>
    <ClCompile Include="src\Print.c">
      <Filter>Source Files</Filter>
    </ClCompile>
    <ClCompile Include="src\Math.c">
      <Filter>Source Files</Filter>
    </ClCompile>
    <ClCompile Include="src\Sound.c">
      <Filter>Source Files</Filter>
    </ClCompile>
    <ClCompile Include="src\Fade_b.c">
      <Filter>Source Files</Filter>
    </ClCompile>
    <ClCompile Include="src\Fade.c">
      <Filter>Source Files</Filter>
    </ClCompile>
    <ClCompile Include="src\Frame_b.c">
      <Filter>Source Files</Filter>
    </ClCompile>
    <ClCompile Include="src\ZGBMain_Init.c">
      <Filter>Source Files</Filter>
    </ClCompile>
  </ItemGroup>
  <ItemGroup>
    <None Include="src\Makefile" />
    <None Include="src\MakefileCommon" />
  </ItemGroup>
</Project>